
Microsoft Visual Studio Solution File, Format Version 12.00
# Visual Studio 15
VisualStudioVersion = 15.0.28010.2036
MinimumVisualStudioVersion = 10.0.40219.1
Project("{FAE04EC0-301F-11D3-BF4B-00C04F79EFBC}") = "GitHubFileDownloader", "GitHubFileDownloader\GitHubFileDownloader.csproj", "{42B5433C-5A0E-4292-A015-0DC9B9061F81}"
EndProject
Global
	GlobalSection(SolutionConfigurationPlatforms) = preSolution
		Debug|Any CPU = Debug|Any CPU
		Release|Any CPU = Release|Any CPU
	EndGlobalSection
	GlobalSection(ProjectConfigurationPlatforms) = postSolution
		{42B5433C-5A0E-4292-A015-0DC9B9061F81}.Debug|Any CPU.ActiveCfg = Debug|Any CPU
		{42B5433C-5A0E-4292-A015-0DC9B9061F81}.Debug|Any CPU.Build.0 = Debug|Any CPU
		{42B5433C-5A0E-4292-A015-0DC9B9061F81}.Release|Any CPU.ActiveCfg = Release|Any CPU
		{42B5433C-5A0E-4292-A015-0DC9B9061F81}.Release|Any CPU.Build.0 = Release|Any CPU
	EndGlobalSection
	GlobalSection(SolutionProperties) = preSolution
		HideSolutionNode = FALSE
	EndGlobalSection
	GlobalSection(ExtensibilityGlobals) = postSolution
		SolutionGuid = {27586D8E-117C-4115-B2E1-0AE1FD81E981}
	EndGlobalSection
EndGlobal
